
Microsoft Visual Studio Solution File, Format Version 12.00
# Visual Studio Version 17
VisualStudioVersion = 17.7.34031.279
MinimumVisualStudioVersion = 10.0.40219.1
Project("{FAE04EC0-301F-11D3-BF4B-00C04F79EFBC}") = "Homework11 net", "Homework11 net.csproj", "{0112B761-DA20-4CD3-910D-10CB47DB1592}"
EndProject
Global
	GlobalSection(SolutionConfigurationPlatforms) = preSolution
		Debug|Any CPU = Debug|Any CPU
		Release|Any CPU = Release|Any CPU
	EndGlobalSection
	GlobalSection(ProjectConfigurationPlatforms) = postSolution
		{0112B761-DA20-4CD3-910D-10CB47DB1592}.Debug|Any CPU.ActiveCfg = Debug|Any CPU
		{0112B761-DA20-4CD3-910D-10CB47DB1592}.Debug|Any CPU.Build.0 = Debug|Any CPU
		{0112B761-DA20-4CD3-910D-10CB47DB1592}.Release|Any CPU.ActiveCfg = Release|Any CPU
		{0112B761-DA20-4CD3-910D-10CB47DB1592}.Release|Any CPU.Build.0 = Release|Any CPU
	EndGlobalSection
	GlobalSection(SolutionProperties) = preSolution
		HideSolutionNode = FALSE
	EndGlobalSection
	GlobalSection(ExtensibilityGlobals) = postSolution
		SolutionGuid = {54014DEB-6AB1-4DEC-94A4-0530A8444B93}
	EndGlobalSection
EndGlobal
